
Microsoft Visual Studio Solution File, Format Version 12.00
# Visual Studio 15
VisualStudioVersion = 15.0.28010.2048
MinimumVisualStudioVersion = 10.0.40219.1
Project("{9A19103F-16F7-4668-BE54-9A1E7A4F7556}") = "SmolPaws", "SmolPaws\SmolPaws.csproj", "{B481F459-56A6-4C77-85A4-63A6EBBB4075}"
EndProject
Global
	GlobalSection(SolutionConfigurationPlatforms) = preSolution
		Debug|Any CPU = Debug|Any CPU
		Release|Any CPU = Release|Any CPU
	EndGlobalSection
	GlobalSection(ProjectConfigurationPlatforms) = postSolution
		{B481F459-56A6-4C77-85A4-63A6EBBB4075}.Debug|Any CPU.ActiveCfg = Debug|Any CPU
		{B481F459-56A6-4C77-85A4-63A6EBBB4075}.Debug|Any CPU.Build.0 = Debug|Any CPU
		{B481F459-56A6-4C77-85A4-63A6EBBB4075}.Release|Any CPU.ActiveCfg = Release|Any CPU
		{B481F459-56A6-4C77-85A4-63A6EBBB4075}.Release|Any CPU.Build.0 = Release|Any CPU
	EndGlobalSection
	GlobalSection(SolutionProperties) = preSolution
		HideSolutionNode = FALSE
	EndGlobalSection
	GlobalSection(ExtensibilityGlobals) = postSolution
		SolutionGuid = {F339FF7B-3B3D-4DD3-8EE4-9D62943519FB}
	EndGlobalSection
EndGlobal
